
Microsoft Visual Studio Solution File, Format Version 12.00
# Visual Studio Version 16
VisualStudioVersion = 16.0.30128.74
MinimumVisualStudioVersion = 10.0.40219.1
Project("{FAE04EC0-301F-11D3-BF4B-00C04F79EFBC}") = "CoreSecurity.Web", "CoreSecurity.Web\CoreSecurity.Web.csproj", "{882FCE19-A29C-4573-B848-47B534770FD5}"
EndProject
Global
	GlobalSection(SolutionConfigurationPlatforms) = preSolution
		Debug|Any CPU = Debug|Any CPU
		Release|Any CPU = Release|Any CPU
	EndGlobalSection
	GlobalSection(ProjectConfigurationPlatforms) = postSolution
		{882FCE19-A29C-4573-B848-47B534770FD5}.Debug|Any CPU.ActiveCfg = Debug|Any CPU
		{882FCE19-A29C-4573-B848-47B534770FD5}.Debug|Any CPU.Build.0 = Debug|Any CPU
		{882FCE19-A29C-4573-B848-47B534770FD5}.Release|Any CPU.ActiveCfg = Release|Any CPU
		{882FCE19-A29C-4573-B848-47B534770FD5}.Release|Any CPU.Build.0 = Release|Any CPU
	EndGlobalSection
	GlobalSection(SolutionProperties) = preSolution
		HideSolutionNode = FALSE
	EndGlobalSection
	GlobalSection(ExtensibilityGlobals) = postSolution
		SolutionGuid = {0CB2C96F-9E57-44F7-84E3-22DB3891A002}
	EndGlobalSection
EndGlobal
